
Microsoft Visual Studio Solution File, Format Version 12.00
# Visual Studio Version 17
VisualStudioVersion = 17.5.002.0
MinimumVisualStudioVersion = 10.0.40219.1
Project("{2150E333-8FDC-42A3-9474-1A3956D46DE8}") = "backend", "backend", "{95CE52CF-B55E-4969-BDC0-CDBA857245CC}"
EndProject
Project("{9A19103F-16F7-4668-BE54-9A1E7A4F7556}") = "api", "backend\api\api.csproj", "{82BC5F4B-9F04-4DEE-A80D-B89970A6F35A}"
EndProject
Global
	GlobalSection(SolutionConfigurationPlatforms) = preSolution
		Debug|Any CPU = Debug|Any CPU
		Release|Any CPU = Release|Any CPU
	EndGlobalSection
	GlobalSection(ProjectConfigurationPlatforms) = postSolution
		{82BC5F4B-9F04-4DEE-A80D-B89970A6F35A}.Debug|Any CPU.ActiveCfg = Debug|Any CPU
		{82BC5F4B-9F04-4DEE-A80D-B89970A6F35A}.Debug|Any CPU.Build.0 = Debug|Any CPU
		{82BC5F4B-9F04-4DEE-A80D-B89970A6F35A}.Release|Any CPU.ActiveCfg = Release|Any CPU
		{82BC5F4B-9F04-4DEE-A80D-B89970A6F35A}.Release|Any CPU.Build.0 = Release|Any CPU
	EndGlobalSection
	GlobalSection(SolutionProperties) = preSolution
		HideSolutionNode = FALSE
	EndGlobalSection
	GlobalSection(NestedProjects) = preSolution
		{82BC5F4B-9F04-4DEE-A80D-B89970A6F35A} = {95CE52CF-B55E-4969-BDC0-CDBA857245CC}
	EndGlobalSection
	GlobalSection(ExtensibilityGlobals) = postSolution
		SolutionGuid = {C386B5CB-A80F-448D-9E31-AA3788FA676D}
	EndGlobalSection
EndGlobal
